
Microsoft Visual Studio Solution File, Format Version 12.00
# Visual Studio Version 16
VisualStudioVersion = 16.0.31205.134
MinimumVisualStudioVersion = 10.0.40219.1
Project("{FAE04EC0-301F-11D3-BF4B-00C04F79EFBC}") = "Snake Projekt", "Snake Projekt\Snake Projekt.csproj", "{6D301CE2-B751-43C7-8524-73FE88595235}"
EndProject
Project("{FAE04EC0-301F-11D3-BF4B-00C04F79EFBC}") = "UnitTestProject1", "Snake Projekt\UnitTestProject1\UnitTestProject1.csproj", "{AA341BC5-68BF-4F7C-9EAA-B0649DF19394}"
EndProject
Global
	GlobalSection(SolutionConfigurationPlatforms) = preSolution
		Debug|Any CPU = Debug|Any CPU
		Release|Any CPU = Release|Any CPU
	EndGlobalSection
	GlobalSection(ProjectConfigurationPlatforms) = postSolution
		{6D301CE2-B751-43C7-8524-73FE88595235}.Debug|Any CPU.ActiveCfg = Debug|Any CPU
		{6D301CE2-B751-43C7-8524-73FE88595235}.Debug|Any CPU.Build.0 = Debug|Any CPU
		{6D301CE2-B751-43C7-8524-73FE88595235}.Release|Any CPU.ActiveCfg = Release|Any CPU
		{6D301CE2-B751-43C7-8524-73FE88595235}.Release|Any CPU.Build.0 = Release|Any CPU
		{AA341BC5-68BF-4F7C-9EAA-B0649DF19394}.Debug|Any CPU.ActiveCfg = Debug|Any CPU
		{AA341BC5-68BF-4F7C-9EAA-B0649DF19394}.Debug|Any CPU.Build.0 = Debug|Any CPU
		{AA341BC5-68BF-4F7C-9EAA-B0649DF19394}.Release|Any CPU.ActiveCfg = Release|Any CPU
		{AA341BC5-68BF-4F7C-9EAA-B0649DF19394}.Release|Any CPU.Build.0 = Release|Any CPU
	EndGlobalSection
	GlobalSection(SolutionProperties) = preSolution
		HideSolutionNode = FALSE
	EndGlobalSection
	GlobalSection(ExtensibilityGlobals) = postSolution
		SolutionGuid = {B354C319-CB47-4381-BE7A-00E1F3816687}
	EndGlobalSection
EndGlobal
